// !$*UTF8*$!
{
	archiveVersion = 1;
	classes = {
	};
	objectVersion = 50;
	objects = {

/* Begin PBXBuildFile section */
		CE10A311264385DC00179370 /* FructuseApp.swift in Sources */ = {isa = PBXBuildFile; fileRef = CE10A310264385DC00179370 /* FructuseApp.swift */; };
		CE10A313264385DC00179370 /* ContentView.swift in Sources */ = {isa = PBXBuildFile; fileRef = CE10A312264385DC00179370 /* ContentView.swift */; };
		CE10A315264385DE00179370 /* Assets.xcassets in Resources */ = {isa = PBXBuildFile; fileRef = CE10A314264385DE00179370 /* Assets.xcassets */; };
		CE10A318264385DE00179370 /* Preview Assets.xcassets in Resources */ = {isa = PBXBuildFile; fileRef = CE10A317264385DE00179370 /* Preview Assets.xcassets */; };
		CE251693266087BA007D1EC5 /* SettingsRowView.swift in Sources */ = {isa = PBXBuildFile; fileRef = CE251692266087BA007D1EC5 /* SettingsRowView.swift */; };
		CE56F8A7264B73EE004C7760 /* FruitDetailView.swift in Sources */ = {isa = PBXBuildFile; fileRef = CE56F8A6264B73EE004C7760 /* FruitDetailView.swift */; };
		CE56F8A9264B7CAE004C7760 /* FruitHeaderView.swift in Sources */ = {isa = PBXBuildFile; fileRef = CE56F8A8264B7CAE004C7760 /* FruitHeaderView.swift */; };
		CE56F8AB264B81F2004C7760 /* SourceLinkView.swift in Sources */ = {isa = PBXBuildFile; fileRef = CE56F8AA264B81F2004C7760 /* SourceLinkView.swift */; };
		CE56F8AD264B9958004C7760 /* FruitsNutrientsView.swift in Sources */ = {isa = PBXBuildFile; fileRef = CE56F8AC264B9958004C7760 /* FruitsNutrientsView.swift */; };
		CE6C09382647089E00EF8507 /* FructModel.swift in Sources */ = {isa = PBXBuildFile; fileRef = CE6C09372647089E00EF8507 /* FructModel.swift */; };
		CE6C093B264709B900EF8507 /* FruitData.swift in Sources */ = {isa = PBXBuildFile; fileRef = CE6C093A264709B900EF8507 /* FruitData.swift */; };
		CE6C093D264A1A7100EF8507 /* FruitRowView.swift in Sources */ = {isa = PBXBuildFile; fileRef = CE6C093C264A1A7100EF8507 /* FruitRowView.swift */; };
		CEC096432643947E00B7CF18 /* FructCardView.swift in Sources */ = {isa = PBXBuildFile; fileRef = CEC096422643947E00B7CF18 /* FructCardView.swift */; };
		CEC096452646F7CB00B7CF18 /* StartButtonView.swift in Sources */ = {isa = PBXBuildFile; fileRef = CEC096442646F7CB00B7CF18 /* StartButtonView.swift */; };
		CEC09647264702A200B7CF18 /* OnboardingView.swift in Sources */ = {isa = PBXBuildFile; fileRef = CEC09646264702A200B7CF18 /* OnboardingView.swift */; };
		CECF2164265C7920002D0F31 /* SettingsView.swift in Sources */ = {isa = PBXBuildFile; fileRef = CECF2163265C7920002D0F31 /* SettingsView.swift */; };
		CECF2166265C99AA002D0F31 /* SettingsLabelView.swift in Sources */ = {isa = PBXBuildFile; fileRef = CECF2165265C99AA002D0F31 /* SettingsLabelView.swift */; };
/* End PBXBuildFile section */

/* Begin PBXFileReference section */
		CE10A30D264385DC00179370 /* Fructuse.app */ = {isa = PBXFileReference; explicitFileType = wrapper.application; includeInIndex = 0; path = Fructuse.app; sourceTree = BUILT_PRODUCTS_DIR; };
		CE10A310264385DC00179370 /* FructuseApp.swift */ = {isa = PBXFileReference; lastKnownFileType = sourcecode.swift; path = FructuseApp.swift; sourceTree = "<group>"; };
		CE10A312264385DC00179370 /* ContentView.swift */ = {isa = PBXFileReference; lastKnownFileType = sourcecode.swift; path = ContentView.swift; sourceTree = "<group>"; };
		CE10A314264385DE00179370 /* Assets.xcassets */ = {isa = PBXFileReference; lastKnownFileType = folder.assetcatalog; path = Assets.xcassets; sourceTree = "<group>"; };
		CE10A317264385DE00179370 /* Preview Assets.xcassets */ = {isa = PBXFileReference; lastKnownFileType = folder.assetcatalog; path = "Preview Assets.xcassets"; sourceTree = "<group>"; };
		CE10A319264385DE00179370 /* Info.plist */ = {isa = PBXFileReference; lastKnownFileType = text.plist.xml; path = Info.plist; sourceTree = "<group>"; };
		CE251692266087BA007D1EC5 /* SettingsRowView.swift */ = {isa = PBXFileReference; lastKnownFileType = sourcecode.swift; path = SettingsRowView.swift; sourceTree = "<group>"; };
		CE56F8A6264B73EE004C7760 /* FruitDetailView.swift */ = {isa = PBXFileReference; lastKnownFileType = sourcecode.swift; path = FruitDetailView.swift; sourceTree = "<group>"; };
		CE56F8A8264B7CAE004C7760 /* FruitHeaderView.swift */ = {isa = PBXFileReference; lastKnownFileType = sourcecode.swift; path = FruitHeaderView.swift; sourceTree = "<group>"; };
		CE56F8AA264B81F2004C7760 /* SourceLinkView.swift */ = {isa = PBXFileReference; lastKnownFileType = sourcecode.swift; path = SourceLinkView.swift; sourceTree = "<group>"; };
		CE56F8AC264B9958004C7760 /* FruitsNutrientsView.swift */ = {isa = PBXFileReference; lastKnownFileType = sourcecode.swift; path = FruitsNutrientsView.swift; sourceTree = "<group>"; };
		CE6C09372647089E00EF8507 /* FructModel.swift */ = {isa = PBXFileReference; lastKnownFileType = sourcecode.swift; path = FructModel.swift; sourceTree = "<group>"; };
		CE6C093A264709B900EF8507 /* FruitData.swift */ = {isa = PBXFileReference; lastKnownFileType = sourcecode.swift; path = FruitData.swift; sourceTree = "<group>"; };
		CE6C093C264A1A7100EF8507 /* FruitRowView.swift */ = {isa = PBXFileReference; lastKnownFileType = sourcecode.swift; path = FruitRowView.swift; sourceTree = "<group>"; };
		CEC096422643947E00B7CF18 /* FructCardView.swift */ = {isa = PBXFileReference; lastKnownFileType = sourcecode.swift; path = FructCardView.swift; sourceTree = "<group>"; };
		CEC096442646F7CB00B7CF18 /* StartButtonView.swift */ = {isa = PBXFileReference; lastKnownFileType = sourcecode.swift; path = StartButtonView.swift; sourceTree = "<group>"; };
		CEC09646264702A200B7CF18 /* OnboardingView.swift */ = {isa = PBXFileReference; lastKnownFileType = sourcecode.swift; path = OnboardingView.swift; sourceTree = "<group>"; };
		CECF2163265C7920002D0F31 /* SettingsView.swift */ = {isa = PBXFileReference; lastKnownFileType = sourcecode.swift; path = SettingsView.swift; sourceTree = "<group>"; };
		CECF2165265C99AA002D0F31 /* SettingsLabelView.swift */ = {isa = PBXFileReference; lastKnownFileType = sourcecode.swift; path = SettingsLabelView.swift; sourceTree = "<group>"; };
/* End PBXFileReference section */

/* Begin PBXFrameworksBuildPhase section */
		CE10A30A264385DC00179370 /* Frameworks */ = {
			isa = PBXFrameworksBuildPhase;
			buildActionMask = 2147483647;
			files = (
			);
			runOnlyForDeploymentPostprocessing = 0;
		};
/* End PBXFrameworksBuildPhase section */

/* Begin PBXGroup section */
		CE10A304264385DB00179370 = {
			isa = PBXGroup;
			children = (
				CE10A30F264385DC00179370 /* Fructuse */,
				CE10A30E264385DC00179370 /* Products */,
			);
			sourceTree = "<group>";
		};
		CE10A30E264385DC00179370 /* Products */ = {
			isa = PBXGroup;
			children = (
				CE10A30D264385DC00179370 /* Fructuse.app */,
			);
			name = Products;
			sourceTree = "<group>";
		};
		CE10A30F264385DC00179370 /* Fructuse */ = {
			isa = PBXGroup;
			children = (
				CE6C09392647099F00EF8507 /* Data */,
				CE6C09362647088400EF8507 /* Model */,
				CEC096412643943F00B7CF18 /* View */,
				CEC096402643924A00B7CF18 /* App */,
				CE10A314264385DE00179370 /* Assets.xcassets */,
				CE10A319264385DE00179370 /* Info.plist */,
				CE10A316264385DE00179370 /* Preview Content */,
			);
			path = Fructuse;
			sourceTree = "<group>";
		};
		CE10A316264385DE00179370 /* Preview Content */ = {
			isa = PBXGroup;
			children = (
				CE10A317264385DE00179370 /* Preview Assets.xcassets */,
			);
			path = "Preview Content";
			sourceTree = "<group>";
		};
		CE6C09362647088400EF8507 /* Model */ = {
			isa = PBXGroup;
			children = (
				CE6C09372647089E00EF8507 /* FructModel.swift */,
			);
			path = Model;
			sourceTree = "<group>";
		};
		CE6C09392647099F00EF8507 /* Data */ = {
			isa = PBXGroup;
			children = (
				CE6C093A264709B900EF8507 /* FruitData.swift */,
			);
			path = Data;
			sourceTree = "<group>";
		};
		CEC096402643924A00B7CF18 /* App */ = {
			isa = PBXGroup;
			children = (
				CE10A310264385DC00179370 /* FructuseApp.swift */,
				CE10A312264385DC00179370 /* ContentView.swift */,
				CEC09646264702A200B7CF18 /* OnboardingView.swift */,
				CE56F8A6264B73EE004C7760 /* FruitDetailView.swift */,
				CECF2163265C7920002D0F31 /* SettingsView.swift */,
			);
			path = App;
			sourceTree = "<group>";
		};
		CEC096412643943F00B7CF18 /* View */ = {
			isa = PBXGroup;
			children = (
				CEC096422643947E00B7CF18 /* FructCardView.swift */,
				CEC096442646F7CB00B7CF18 /* StartButtonView.swift */,
				CE6C093C264A1A7100EF8507 /* FruitRowView.swift */,
				CE56F8A8264B7CAE004C7760 /* FruitHeaderView.swift */,
				CE56F8AA264B81F2004C7760 /* SourceLinkView.swift */,
				CE56F8AC264B9958004C7760 /* FruitsNutrientsView.swift */,
				CECF2165265C99AA002D0F31 /* SettingsLabelView.swift */,
				CE251692266087BA007D1EC5 /* SettingsRowView.swift */,
			);
			path = View;
			sourceTree = "<group>";
		};
/* End PBXGroup section */

/* Begin PBXNativeTarget section */
		CE10A30C264385DC00179370 /* Fructuse */ = {
			isa = PBXNativeTarget;
			buildConfigurationList = CE10A31C264385DE00179370 /* Build configuration list for PBXNativeTarget "Fructuse" */;
			buildPhases = (
				CE10A309264385DC00179370 /* Sources */,
				CE10A30A264385DC00179370 /* Frameworks */,
				CE10A30B264385DC00179370 /* Resources */,
			);
			buildRules = (
			);
			dependencies = (
			);
			name = Fructuse;
			productName = Fructuse;
			productReference = CE10A30D264385DC00179370 /* Fructuse.app */;
			productType = "com.apple.product-type.application";
		};
/* End PBXNativeTarget section */

/* Begin PBXProject section */
		CE10A305264385DB00179370 /* Project object */ = {
			isa = PBXProject;
			attributes = {
				LastSwiftUpdateCheck = 1240;
				LastUpgradeCheck = 1240;
				TargetAttributes = {
					CE10A30C264385DC00179370 = {
						CreatedOnToolsVersion = 12.4;
					};
				};
			};
			buildConfigurationList = CE10A308264385DB00179370 /* Build configuration list for PBXProject "Fructuse" */;
			compatibilityVersion = "Xcode 9.3";
			developmentRegion = en;
			hasScannedForEncodings = 0;
			knownRegions = (
				en,
				Base,
			);
			mainGroup = CE10A304264385DB00179370;
			productRefGroup = CE10A30E264385DC00179370 /* Products */;
			projectDirPath = "";
			projectRoot = "";
			targets = (
				CE10A30C264385DC00179370 /* Fructuse */,
			);
		};
/* End PBXProject section */

/* Begin PBXResourcesBuildPhase section */
		CE10A30B264385DC00179370 /* Resources */ = {
			isa = PBXResourcesBuildPhase;
			buildActionMask = 2147483647;
			files = (
				CE10A318264385DE00179370 /* Preview Assets.xcassets in Resources */,
				CE10A315264385DE00179370 /* Assets.xcassets in Resources */,
			);
			runOnlyForDeploymentPostprocessing = 0;
		};
/* End PBXResourcesBuildPhase section */

/* Begin PBXSourcesBuildPhase section */
		CE10A309264385DC00179370 /* Sources */ = {
			isa = PBXSourcesBuildPhase;
			buildActionMask = 2147483647;
			files = (
				CE6C093B264709B900EF8507 /* FruitData.swift in Sources */,
				CE56F8AB264B81F2004C7760 /* SourceLinkView.swift in Sources */,
				CE251693266087BA007D1EC5 /* SettingsRowView.swift in Sources */,
				CE10A313264385DC00179370 /* ContentView.swift in Sources */,
				CE6C093D264A1A7100EF8507 /* FruitRowView.swift in Sources */,
				CE10A311264385DC00179370 /* FructuseApp.swift in Sources */,
				CE56F8A7264B73EE004C7760 /* FruitDetailView.swift in Sources */,
				CEC096452646F7CB00B7CF18 /* StartButtonView.swift in Sources */,
				CE56F8A9264B7CAE004C7760 /* FruitHeaderView.swift in Sources */,
				CE56F8AD264B9958004C7760 /* FruitsNutrientsView.swift in Sources */,
				CEC09647264702A200B7CF18 /* OnboardingView.swift in Sources */,
				CECF2166265C99AA002D0F31 /* SettingsLabelView.swift in Sources */,
				CE6C09382647089E00EF8507 /* FructModel.swift in Sources */,
				CEC096432643947E00B7CF18 /* FructCardView.swift in Sources */,
				CECF2164265C7920002D0F31 /* SettingsView.swift in Sources */,
			);
			runOnlyForDeploymentPostprocessing = 0;
		};
/* End PBXSourcesBuildPhase section */

/* Begin XCBuildConfiguration section */
		CE10A31A264385DE00179370 /* Debug */ = {
			isa = XCBuildConfiguration;
			buildSettings = {
				ALWAYS_SEARCH_USER_PATHS = NO;
				CLANG_ANALYZER_NONNULL = YES;
				CLANG_ANALYZER_NUMBER_OBJECT_CONVERSION = YES_AGGRESSIVE;
				CLANG_CXX_LANGUAGE_STANDARD = "gnu++14";
				CLANG_CXX_LIBRARY = "libc++";
				CLANG_ENABLE_MODULES = YES;
				CLANG_ENABLE_OBJC_ARC = YES;
				CLANG_ENABLE_OBJC_WEAK = YES;
				CLANG_WARN_BLOCK_CAPTURE_AUTORELEASING = YES;
				CLANG_WARN_BOOL_CONVERSION = YES;
				CLANG_WARN_COMMA = YES;
				CLANG_WARN_CONSTANT_CONVERSION = YES;
				CLANG_WARN_DEPRECATED_OBJC_IMPLEMENTATIONS = YES;
				CLANG_WARN_DIRECT_OBJC_ISA_USAGE = YES_ERROR;
				CLANG_WARN_DOCUMENTATION_COMMENTS = YES;
				CLANG_WARN_EMPTY_BODY = YES;
				CLANG_WARN_ENUM_CONVERSION = YES;
				CLANG_WARN_INFINITE_RECURSION = YES;
				CLANG_WARN_INT_CONVERSION = YES;
				CLANG_WARN_NON_LITERAL_NULL_CONVERSION = YES;
				CLANG_WARN_OBJC_IMPLICIT_RETAIN_SELF = YES;
				CLANG_WARN_OBJC_LITERAL_CONVERSION = YES;
				CLANG_WARN_OBJC_ROOT_CLASS = YES_ERROR;
				CLANG_WARN_QUOTED_INCLUDE_IN_FRAMEWORK_HEADER = YES;
				CLANG_WARN_RANGE_LOOP_ANALYSIS = YES;
				CLANG_WARN_STRICT_PROTOTYPES = YES;
				CLANG_WARN_SUSPICIOUS_MOVE = YES;
				CLANG_WARN_UNGUARDED_AVAILABILITY = YES_AGGRESSIVE;
				CLANG_WARN_UNREACHABLE_CODE = YES;
				CLANG_WARN__DUPLICATE_METHOD_MATCH = YES;
				COPY_PHASE_STRIP = NO;
				DEBUG_INFORMATION_FORMAT = dwarf;
				ENABLE_STRICT_OBJC_MSGSEND = YES;
				ENABLE_TESTABILITY = YES;
				GCC_C_LANGUAGE_STANDARD = gnu11;
				GCC_DYNAMIC_NO_PIC = NO;
				GCC_NO_COMMON_BLOCKS = YES;
				GCC_OPTIMIZATION_LEVEL = 0;
				GCC_PREPROCESSOR_DEFINITIONS = (
					"DEBUG=1",
					"$(inherited)",
				);
				GCC_WARN_64_TO_32_BIT_CONVERSION = YES;
				GCC_WARN_ABOUT_RETURN_TYPE = YES_ERROR;
				GCC_WARN_UNDECLARED_SELECTOR = YES;
				GCC_WARN_UNINITIALIZED_AUTOS = YES_AGGRESSIVE;
				GCC_WARN_UNUSED_FUNCTION = YES;
				GCC_WARN_UNUSED_VARIABLE = YES;
				IPHONEOS_DEPLOYMENT_TARGET = 14.4;
				MTL_ENABLE_DEBUG_INFO = INCLUDE_SOURCE;
				MTL_FAST_MATH = YES;
				ONLY_ACTIVE_ARCH = YES;
				SDKROOT = iphoneos;
				SWIFT_ACTIVE_COMPILATION_CONDITIONS = DEBUG;
				SWIFT_OPTIMIZATION_LEVEL = "-Onone";
			};
			name = Debug;
		};
		CE10A31B264385DE00179370 /* Release */ = {
			isa = XCBuildConfiguration;
			buildSettings = {
				ALWAYS_SEARCH_USER_PATHS = NO;
				CLANG_ANALYZER_NONNULL = YES;
				CLANG_ANALYZER_NUMBER_OBJECT_CONVERSION = YES_AGGRESSIVE;
				CLANG_CXX_LANGUAGE_STANDARD = "gnu++14";
				CLANG_CXX_LIBRARY = "libc++";
				CLANG_ENABLE_MODULES = YES;
				CLANG_ENABLE_OBJC_ARC = YES;
				CLANG_ENABLE_OBJC_WEAK = YES;
				CLANG_WARN_BLOCK_CAPTURE_AUTORELEASING = YES;
				CLANG_WARN_BOOL_CONVERSION = YES;
				CLANG_WARN_COMMA = YES;
				CLANG_WARN_CONSTANT_CONVERSION = YES;
				CLANG_WARN_DEPRECATED_OBJC_IMPLEMENTATIONS = YES;
				CLANG_WARN_DIRECT_OBJC_ISA_USAGE = YES_ERROR;
				CLANG_WARN_DOCUMENTATION_COMMENTS = YES;
				CLANG_WARN_EMPTY_BODY = YES;
				CLANG_WARN_ENUM_CONVERSION = YES;
				CLANG_WARN_INFINITE_RECURSION = YES;
				CLANG_WARN_INT_CONVERSION = YES;
				CLANG_WARN_NON_LITERAL_NULL_CONVERSION = YES;
				CLANG_WARN_OBJC_IMPLICIT_RETAIN_SELF = YES;
				CLANG_WARN_OBJC_LITERAL_CONVERSION = YES;
				CLANG_WARN_OBJC_ROOT_CLASS = YES_ERROR;
				CLANG_WARN_QUOTED_INCLUDE_IN_FRAMEWORK_HEADER = YES;
				CLANG_WARN_RANGE_LOOP_ANALYSIS = YES;
				CLANG_WARN_STRICT_PROTOTYPES = YES;
				CLANG_WARN_SUSPICIOUS_MOVE = YES;
				CLANG_WARN_UNGUARDED_AVAILABILITY = YES_AGGRESSIVE;
				CLANG_WARN_UNREACHABLE_CODE = YES;
				CLANG_WARN__DUPLICATE_METHOD_MATCH = YES;
				COPY_PHASE_STRIP = NO;
				DEBUG_INFORMATION_FORMAT = "dwarf-with-dsym";
				ENABLE_NS_ASSERTIONS = NO;
				ENABLE_STRICT_OBJC_MSGSEND = YES;
				GCC_C_LANGUAGE_STANDARD = gnu11;
				GCC_NO_COMMON_BLOCKS = YES;
				GCC_WARN_64_TO_32_BIT_CONVERSION = YES;
				GCC_WARN_ABOUT_RETURN_TYPE = YES_ERROR;
				GCC_WARN_UNDECLARED_SELECTOR = YES;
				GCC_WARN_UNINITIALIZED_AUTOS = YES_AGGRESSIVE;
				GCC_WARN_UNUSED_FUNCTION = YES;
				GCC_WARN_UNUSED_VARIABLE = YES;
				IPHONEOS_DEPLOYMENT_TARGET = 14.4;
				MTL_ENABLE_DEBUG_INFO = NO;
				MTL_FAST_MATH = YES;
				SDKROOT = iphoneos;
				SWIFT_COMPILATION_MODE = wholemodule;
				SWIFT_OPTIMIZATION_LEVEL = "-O";
				VALIDATE_PRODUCT = YES;
			};
			name = Release;
		};
		CE10A31D264385DE00179370 /* Debug */ = {
			isa = XCBuildConfiguration;
			buildSettings = {
				ASSETCATALOG_COMPILER_APPICON_NAME = AppIcon;
				ASSETCATALOG_COMPILER_GLOBAL_ACCENT_COLOR_NAME = AccentColor;
				CODE_SIGN_STYLE = Automatic;
				DEVELOPMENT_ASSET_PATHS = "\"Fructuse/Preview Content\"";
				DEVELOPMENT_TEAM = GQ6YZ8UPX8;
				ENABLE_PREVIEWS = YES;
				INFOPLIST_FILE = Fructuse/Info.plist;
				IPHONEOS_DEPLOYMENT_TARGET = 14.0;
				LD_RUNPATH_SEARCH_PATHS = (
					"$(inherited)",
					"@executable_path/Frameworks",
				);
				PRODUCT_BUNDLE_IDENTIFIER = com.RudelyBrief.Fructuse;
				PRODUCT_NAME = "$(TARGET_NAME)";
				SWIFT_VERSION = 5.0;
				TARGETED_DEVICE_FAMILY = "1,2";
			};
			name = Debug;
		};
		CE10A31E264385DE00179370 /* Release */ = {
			isa = XCBuildConfiguration;
			buildSettings = {
				ASSETCATALOG_COMPILER_APPICON_NAME = AppIcon;
				ASSETCATALOG_COMPILER_GLOBAL_ACCENT_COLOR_NAME = AccentColor;
				CODE_SIGN_STYLE = Automatic;
				DEVELOPMENT_ASSET_PATHS = "\"Fructuse/Preview Content\"";
				DEVELOPMENT_TEAM = GQ6YZ8UPX8;
				ENABLE_PREVIEWS = YES;
				INFOPLIST_FILE = Fructuse/Info.plist;
				IPHONEOS_DEPLOYMENT_TARGET = 14.0;
				LD_RUNPATH_SEARCH_PATHS = (
					"$(inherited)",
					"@executable_path/Frameworks",
				);
				PRODUCT_BUNDLE_IDENTIFIER = com.RudelyBrief.Fructuse;
				PRODUCT_NAME = "$(TARGET_NAME)";
				SWIFT_VERSION = 5.0;
				TARGETED_DEVICE_FAMILY = "1,2";
			};
			name = Release;
		};
/* End XCBuildConfiguration section */

/* Begin XCConfigurationList section */
		CE10A308264385DB00179370 /* Build configuration list for PBXProject "Fructuse" */ = {
			isa = XCConfigurationList;
			buildConfigurations = (
				CE10A31A264385DE00179370 /* Debug */,
				CE10A31B264385DE00179370 /* Release */,
			);
			defaultConfigurationIsVisible = 0;
			defaultConfigurationName = Release;
		};
		CE10A31C264385DE00179370 /* Build configuration list for PBXNativeTarget "Fructuse" */ = {
			isa = XCConfigurationList;
			buildConfigurations = (
				CE10A31D264385DE00179370 /* Debug */,
				CE10A31E264385DE00179370 /* Release */,
			);
			defaultConfigurationIsVisible = 0;
			defaultConfigurationName = Release;
		};
/* End XCConfigurationList section */
	};
	rootObject = CE10A305264385DB00179370 /* Project object */;
}
